
Microsoft Visual Studio Solution File, Format Version 12.00
# Visual Studio Version 17
VisualStudioVersion = 17.10.35027.167
MinimumVisualStudioVersion = 10.0.40219.1
Project("{FAE04EC0-301F-11D3-BF4B-00C04F79EFBC}") = "VenduusApp", "VenduusApp.csproj", "{78A7DA05-CA09-4F42-83D9-6A63F472B24E}"
EndProject
Global
	GlobalSection(SolutionConfigurationPlatforms) = preSolution
		Debug|Any CPU = Debug|Any CPU
		Release|Any CPU = Release|Any CPU
	EndGlobalSection
	GlobalSection(ProjectConfigurationPlatforms) = postSolution
		{78A7DA05-CA09-4F42-83D9-6A63F472B24E}.Debug|Any CPU.ActiveCfg = Debug|Any CPU
		{78A7DA05-CA09-4F42-83D9-6A63F472B24E}.Debug|Any CPU.Build.0 = Debug|Any CPU
		{78A7DA05-CA09-4F42-83D9-6A63F472B24E}.Debug|Any CPU.Deploy.0 = Debug|Any CPU
		{78A7DA05-CA09-4F42-83D9-6A63F472B24E}.Release|Any CPU.ActiveCfg = Release|Any CPU
		{78A7DA05-CA09-4F42-83D9-6A63F472B24E}.Release|Any CPU.Build.0 = Release|Any CPU
		{78A7DA05-CA09-4F42-83D9-6A63F472B24E}.Release|Any CPU.Deploy.0 = Release|Any CPU
	EndGlobalSection
	GlobalSection(SolutionProperties) = preSolution
		HideSolutionNode = FALSE
	EndGlobalSection
	GlobalSection(ExtensibilityGlobals) = postSolution
		SolutionGuid = {7A60E109-7D2D-4D32-9EF8-A0E28A1F5709}
	EndGlobalSection
EndGlobal
